
Microsoft Visual Studio Solution File, Format Version 12.00
# Visual Studio Version 17
VisualStudioVersion = 17.10.34928.147
MinimumVisualStudioVersion = 10.0.40219.1
Project("{9A19103F-16F7-4668-BE54-9A1E7A4F7556}") = "EmployeeApi", "EmployeeApi\EmployeeApi.csproj", "{A89689A1-7914-4C8A-915A-7DA046B28989}"
EndProject
Project("{9A19103F-16F7-4668-BE54-9A1E7A4F7556}") = "EmployeeClient", "EmployeeClient\EmployeeClient.csproj", "{89458AEE-FFA8-4257-AFD9-861C6AB9A3F4}"
EndProject
Global
	GlobalSection(SolutionConfigurationPlatforms) = preSolution
		Debug|Any CPU = Debug|Any CPU
		Release|Any CPU = Release|Any CPU
	EndGlobalSection
	GlobalSection(ProjectConfigurationPlatforms) = postSolution
		{A89689A1-7914-4C8A-915A-7DA046B28989}.Debug|Any CPU.ActiveCfg = Debug|Any CPU
		{A89689A1-7914-4C8A-915A-7DA046B28989}.Debug|Any CPU.Build.0 = Debug|Any CPU
		{A89689A1-7914-4C8A-915A-7DA046B28989}.Release|Any CPU.ActiveCfg = Release|Any CPU
		{A89689A1-7914-4C8A-915A-7DA046B28989}.Release|Any CPU.Build.0 = Release|Any CPU
		{89458AEE-FFA8-4257-AFD9-861C6AB9A3F4}.Debug|Any CPU.ActiveCfg = Debug|Any CPU
		{89458AEE-FFA8-4257-AFD9-861C6AB9A3F4}.Debug|Any CPU.Build.0 = Debug|Any CPU
		{89458AEE-FFA8-4257-AFD9-861C6AB9A3F4}.Release|Any CPU.ActiveCfg = Release|Any CPU
		{89458AEE-FFA8-4257-AFD9-861C6AB9A3F4}.Release|Any CPU.Build.0 = Release|Any CPU
	EndGlobalSection
	GlobalSection(SolutionProperties) = preSolution
		HideSolutionNode = FALSE
	EndGlobalSection
	GlobalSection(ExtensibilityGlobals) = postSolution
		SolutionGuid = {2CF287DD-7665-436E-806A-861E60720EA2}
	EndGlobalSection
EndGlobal
